{
    "_readme": [
        "This file locks the dependencies of your project to a known state",
        "Read more about it at https://getcomposer.org/doc/01-basic-usage.md#composer-lock-the-lock-file",
        "This file is @generated automatically"
    ],
    "hash": "b55811d00c88dac76d27c4096ceff50a",
    "packages": [
        {
            "name": "composer/installers",
            "version": "v1.0.21",
            "source": {
                "type": "git",
                "url": "https://github.com/composer/installers.git",
                "reference": "d64e23fce42a4063d63262b19b8e7c0f3b5e4c45"
            },
            "dist": {
                "type": "zip",
                "url": "https://api.github.com/repos/composer/installers/zipball/d64e23fce42a4063d63262b19b8e7c0f3b5e4c45",
                "reference": "d64e23fce42a4063d63262b19b8e7c0f3b5e4c45",
                "shasum": ""
            },
            "replace": {
                "roundcube/plugin-installer": "*",
                "shama/baton": "*"
            },
            "require-dev": {
                "composer/composer": "1.0.*@dev",
                "phpunit/phpunit": "4.1.*"
            },
            "type": "composer-installer",
            "extra": {
                "class": "Composer\\Installers\\Installer",
                "branch-alias": {
                    "dev-master": "1.0-dev"
                }
            },
            "autoload": {
                "psr-0": {
                    "Composer\\Installers\\": "src/"
                }
            },
            "notification-url": "https://packagist.org/downloads/",
            "license": [
                "MIT"
            ],
            "authors": [
                {
                    "name": "Kyle Robinson Young",
                    "email": "kyle@dontkry.com",
                    "homepage": "https://github.com/shama"
                }
            ],
            "description": "A multi-framework Composer library installer",
            "homepage": "http://composer.github.com/installers/",
            "keywords": [
                "Craft",
                "Dolibarr",
                "Hurad",
                "MODX Evo",
                "OXID",
                "SMF",
                "Thelia",
                "WolfCMS",
                "agl",
                "aimeos",
                "annotatecms",
                "bitrix",
                "cakephp",
                "chef",
                "codeigniter",
                "concrete5",
                "croogo",
                "dokuwiki",
                "drupal",
                "elgg",
                "fuelphp",
                "grav",
                "installer",
                "joomla",
                "kohana",
                "laravel",
                "lithium",
                "magento",
                "mako",
                "mediawiki",
                "modulework",
                "moodle",
                "phpbb",
                "piwik",
                "ppi",
                "puppet",
                "roundcube",
                "shopware",
                "silverstripe",
                "symfony",
                "typo3",
                "wordpress",
                "zend",
                "zikula"
            ],
            "time": "2015-02-18 17:17:01"
        },
        {
            "name": "nathancox/codeeditorfield",
            "version": "dev-master",
            "source": {
                "type": "git",
                "url": "https://github.com/nathancox/silverstripe-codeeditorfield.git",
                "reference": "8f43058600b893b170645c03a6ecd3c1dde85be4"
            },
            "dist": {
                "type": "zip",
                "url": "https://api.github.com/repos/nathancox/silverstripe-codeeditorfield/zipball/8f43058600b893b170645c03a6ecd3c1dde85be4",
                "reference": "8f43058600b893b170645c03a6ecd3c1dde85be4",
                "shasum": ""
            },
            "require": {
                "silverstripe/framework": "~3.1"
            },
            "type": "silverstripe-module",
            "extra": {
                "screenshots": [
                    "http://static.flyingmonkey.co.nz/github/silverstripe-codeeditorfield/codeeditorfield-1.png"
                ]
            },
            "notification-url": "https://packagist.org/downloads/",
            "license": [
                "BSD-3-Clause"
            ],
            "authors": [
                {
                    "name": "Nathan Cox",
                    "email": "me@nathan.net.nz"
                }
            ],
            "description": "A field for editing code in the SilverStripe CMS using Ace Editor (http://ace.c9.io/)",
            "homepage": "https://github.com/nathancox/silverstripe-codeeditorfield",
            "keywords": [
                "cms",
                "form",
                "formfield",
                "silverstripe"
            ],
            "time": "2014-10-23 23:58:09"
        },
        {
            "name": "silverstripe-themes/simple",
            "version": "3.1.0",
            "source": {
                "type": "git",
                "url": "https://github.com/silverstripe-themes/silverstripe-simple.git",
                "reference": "3cf638c170e649b6b122504c8f62d6d8946b853c"
            },
            "dist": {
                "type": "zip",
                "url": "https://api.github.com/repos/silverstripe-themes/silverstripe-simple/zipball/3cf638c170e649b6b122504c8f62d6d8946b853c",
                "reference": "3cf638c170e649b6b122504c8f62d6d8946b853c",
                "shasum": ""
            },
            "require": {
                "composer/installers": "*",
                "silverstripe/framework": ">=3.0"
            },
            "type": "silverstripe-theme",
            "notification-url": "https://packagist.org/downloads/",
            "license": [
                "BSD-3-Clause"
            ],
            "authors": [
                {
                    "name": "Sara Tušar (Innovaif)",
                    "homepage": "http://www.saratusar.com"
                }
            ],
            "description": "The SilverStripe simple theme (default SilverStripe 3 theme)",
            "keywords": [
                "silverstripe",
                "theme"
            ],
            "time": "2015-04-09 03:18:37"
        },
        {
            "name": "silverstripe/cms",
            "version": "3.1.13",
            "source": {
                "type": "git",
                "url": "https://github.com/silverstripe/silverstripe-cms.git",
                "reference": "0557c0d47be849ff0d1693ab387c7ebad9b634e5"
            },
            "dist": {
                "type": "zip",
                "url": "https://api.github.com/repos/silverstripe/silverstripe-cms/zipball/0557c0d47be849ff0d1693ab387c7ebad9b634e5",
                "reference": "0557c0d47be849ff0d1693ab387c7ebad9b634e5",
                "shasum": ""
            },
            "require": {
                "composer/installers": "*",
                "php": ">=5.3.2",
                "silverstripe/framework": "3.1.*"
            },
            "type": "silverstripe-module",
            "autoload": {
                "classmap": [
                    "tests/behat/"
                ]
            },
            "notification-url": "https://packagist.org/downloads/",
            "license": [
                "BSD-3-Clause"
            ],
            "authors": [
                {
                    "name": "SilverStripe",
                    "homepage": "http://silverstripe.com"
                },
                {
                    "name": "The SilverStripe Community",
                    "homepage": "http://silverstripe.org"
                }
            ],
            "description": "The SilverStripe Content Management System",
            "homepage": "http://silverstripe.org",
            "keywords": [
                "cms",
                "silverstripe"
            ],
            "time": "2015-05-14 01:52:21"
        },
        {
            "name": "silverstripe/framework",
            "version": "3.1.13",
            "source": {
                "type": "git",
                "url": "https://github.com/silverstripe/silverstripe-framework.git",
                "reference": "04b803dfc6dc60f2e6a38fa74f957156230b54be"
            },
            "dist": {
                "type": "zip",
                "url": "https://api.github.com/repos/silverstripe/silverstripe-framework/zipball/04b803dfc6dc60f2e6a38fa74f957156230b54be",
                "reference": "04b803dfc6dc60f2e6a38fa74f957156230b54be",
                "shasum": ""
            },
            "require": {
                "composer/installers": "*",
                "php": ">=5.3.2"
            },
            "require-dev": {
                "phpunit/phpunit": "~3.7@stable"
            },
            "type": "silverstripe-module",
            "autoload": {
                "classmap": [
                    "tests/behat/features/bootstrap"
                ]
            },
            "notification-url": "https://packagist.org/downloads/",
            "license": [
                "BSD-3-Clause"
            ],
            "authors": [
                {
                    "name": "SilverStripe",
                    "homepage": "http://silverstripe.com"
                },
                {
                    "name": "The SilverStripe Community",
                    "homepage": "http://silverstripe.org"
                }
            ],
            "description": "The SilverStripe framework",
            "homepage": "http://silverstripe.org",
            "keywords": [
                "framework",
                "silverstripe"
            ],
            "time": "2015-05-28 06:59:11"
        },
        {
            "name": "silverstripe/lumberjack",
            "version": "dev-allow-child-page-overrides",
            "source": {
                "type": "git",
                "url": "https://github.com/assertchris/silverstripe-lumberjack.git",
                "reference": "5163bc3104fbb6a1b11f4a5372971b95c7ce69ed"
            },
            "dist": {
                "type": "zip",
                "url": "https://api.github.com/repos/assertchris/silverstripe-lumberjack/zipball/5163bc3104fbb6a1b11f4a5372971b95c7ce69ed",
                "reference": "5163bc3104fbb6a1b11f4a5372971b95c7ce69ed",
                "shasum": ""
            },
            "require": {
                "silverstripe/cms": ">=3.1.0"
            },
            "require-dev": {
                "phpunit/phpunit": "~3.7@stable"
            },
            "type": "silverstripe-module",
            "license": [
                "BSD-2-Clause"
            ],
            "authors": [
                {
                    "name": "Michael Strong",
                    "email": "mstrong@silverstripe.org"
                }
            ],
            "description": "A module to make managing pages in a GridField easy without losing any of the functionality that you're used to in the CMS.",
            "support": {
                "source": "https://github.com/assertchris/silverstripe-lumberjack/tree/allow-child-page-overrides"
            },
            "time": "2015-07-25 09:21:03"
        },
        {
            "name": "silverstripe/reflow",
            "version": "dev-master",
            "source": {
                "type": "git",
                "url": "https://github.com/assertchris/silverstripe-reflow.git",
                "reference": "a0356b24c9dd073d8a49273a21600c8d74c10011"
            },
            "dist": {
                "type": "zip",
                "url": "https://api.github.com/repos/assertchris/silverstripe-reflow/zipball/a0356b24c9dd073d8a49273a21600c8d74c10011",
                "reference": "a0356b24c9dd073d8a49273a21600c8d74c10011",
                "shasum": ""
            },
            "require": {
                "nathancox/codeeditorfield": "dev-master",
                "silverstripe/cms": "^3.1",
                "silverstripe/framework": "^3.1",
                "silverstripe/lumberjack": "dev-allow-child-page-overrides as 1.2.x-dev",
                "undefinedoffset/sortablegridfield": "dev-master"
            },
            "type": "silverstripe-module",
            "license": [
                "MIT"
            ],
            "support": {
                "source": "https://github.com/assertchris/silverstripe-reflow/tree/master",
                "issues": "https://github.com/assertchris/silverstripe-reflow/issues"
            },
            "time": "2015-07-25 11:48:11"
        },
        {
            "name": "undefinedoffset/sortablegridfield",
            "version": "dev-master",
            "source": {
                "type": "git",
                "url": "https://github.com/UndefinedOffset/SortableGridField.git",
                "reference": "fe9b45bd3bf3ac6ab9f3e81ed1413408e6b89e1a"
            },
            "dist": {
                "type": "zip",
                "url": "https://api.github.com/repos/UndefinedOffset/SortableGridField/zipball/fe9b45bd3bf3ac6ab9f3e81ed1413408e6b89e1a",
                "reference": "fe9b45bd3bf3ac6ab9f3e81ed1413408e6b89e1a",
                "shasum": ""
            },
            "require": {
                "composer/installers": "*",
                "silverstripe/framework": ">=3.0.1,<3.3"
            },
            "type": "silverstripe-module",
            "extra": {
                "installer-name": "sortablegridfield"
            },
            "notification-url": "https://packagist.org/downloads/",
            "license": [
                "BSD-3-Clause"
            ],
            "authors": [
                {
                    "name": "Ed Chipman",
                    "homepage": "http://www.edchipman.ca",
                    "role": "Developer"
                }
            ],
            "description": "Adds drag and drop functionality to SilverStripe 3.0's GridField",
            "keywords": [
                "gridfield",
                "silverstripe"
            ],
            "time": "2015-07-22 22:49:23"
        }
    ],
    "packages-dev": [],
    "aliases": [],
    "minimum-stability": "dev",
    "stability-flags": {
        "silverstripe/reflow": 20
    },
    "prefer-stable": true,
    "prefer-lowest": false,
    "platform": {
        "php": ">=5.3.2"
    },
    "platform-dev": []
}
